
Microsoft Visual Studio Solution File, Format Version 12.00
# Visual Studio Version 17
VisualStudioVersion = 17.6.33829.357
MinimumVisualStudioVersion = 10.0.40219.1
Project("{FAE04EC0-301F-11D3-BF4B-00C04F79EFBC}") = "caRoboMontador", "caRoboMontador.csproj", "{B52C9BC8-5B34-4606-9A81-8D817E5C592F}"
EndProject
Global
	GlobalSection(SolutionConfigurationPlatforms) = preSolution
		Debug|Any CPU = Debug|Any CPU
		Release|Any CPU = Release|Any CPU
	EndGlobalSection
	GlobalSection(ProjectConfigurationPlatforms) = postSolution
		{B52C9BC8-5B34-4606-9A81-8D817E5C592F}.Debug|Any CPU.ActiveCfg = Debug|Any CPU
		{B52C9BC8-5B34-4606-9A81-8D817E5C592F}.Debug|Any CPU.Build.0 = Debug|Any CPU
		{B52C9BC8-5B34-4606-9A81-8D817E5C592F}.Release|Any CPU.ActiveCfg = Release|Any CPU
		{B52C9BC8-5B34-4606-9A81-8D817E5C592F}.Release|Any CPU.Build.0 = Release|Any CPU
	EndGlobalSection
	GlobalSection(SolutionProperties) = preSolution
		HideSolutionNode = FALSE
	EndGlobalSection
	GlobalSection(ExtensibilityGlobals) = postSolution
		SolutionGuid = {A492D186-D5B3-4088-B1D1-4C04FD1B182A}
	EndGlobalSection
EndGlobal
